// !$*UTF8*$!
{
	archiveVersion = 1;
	classes = {
	};
	objectVersion = 46;
	objects = {

/* Begin PBXBuildFile section */
		840D6C101D6FCD0200599620 /* AppDelegate.swift in Sources */ = {isa = PBXBuildFile; fileRef = 840D6C0F1D6FCD0200599620 /* AppDelegate.swift */; };
		840D6C121D6FCD0200599620 /* ViewController.swift in Sources */ = {isa = PBXBuildFile; fileRef = 840D6C111D6FCD0200599620 /* ViewController.swift */; };
		840D6C151D6FCD0200599620 /* Main.storyboard in Resources */ = {isa = PBXBuildFile; fileRef = 840D6C131D6FCD0200599620 /* Main.storyboard */; };
		840D6C171D6FCD0200599620 /* Assets.xcassets in Resources */ = {isa = PBXBuildFile; fileRef = 840D6C161D6FCD0200599620 /* Assets.xcassets */; };
		840D6C1A1D6FCD0200599620 /* LaunchScreen.storyboard in Resources */ = {isa = PBXBuildFile; fileRef = 840D6C181D6FCD0200599620 /* LaunchScreen.storyboard */; };
		840D6C221D6FE1A600599620 /* User.swift in Sources */ = {isa = PBXBuildFile; fileRef = 840D6C211D6FE1A600599620 /* User.swift */; };
/* End PBXBuildFile section */

/* Begin PBXFileReference section */
		840D6C0C1D6FCD0200599620 /* AutoLayout.app */ = {isa = PBXFileReference; explicitFileType = wrapper.application; includeInIndex = 0; path = AutoLayout.app; sourceTree = BUILT_PRODUCTS_DIR; };
		840D6C0F1D6FCD0200599620 /* AppDelegate.swift */ = {isa = PBXFileReference; lastKnownFileType = sourcecode.swift; path = AppDelegate.swift; sourceTree = "<group>"; };
		840D6C111D6FCD0200599620 /* ViewController.swift */ = {isa = PBXFileReference; lastKnownFileType = sourcecode.swift; path = ViewController.swift; sourceTree = "<group>"; };
		840D6C141D6FCD0200599620 /* Base */ = {isa = PBXFileReference; lastKnownFileType = file.storyboard; name = Base; path = Base.lproj/Main.storyboard; sourceTree = "<group>"; };
		840D6C161D6FCD0200599620 /* Assets.xcassets */ = {isa = PBXFileReference; lastKnownFileType = folder.assetcatalog; path = Assets.xcassets; sourceTree = "<group>"; };
		840D6C191D6FCD0200599620 /* Base */ = {isa = PBXFileReference; lastKnownFileType = file.storyboard; name = Base; path = Base.lproj/LaunchScreen.storyboard; sourceTree = "<group>"; };
		840D6C1B1D6FCD0200599620 /* Info.plist */ = {isa = PBXFileReference; lastKnownFileType = text.plist.xml; path = Info.plist; sourceTree = "<group>"; };
		840D6C211D6FE1A600599620 /* User.swift */ = {isa = PBXFileReference; fileEncoding = 4; lastKnownFileType = sourcecode.swift; path = User.swift; sourceTree = "<group>"; };
/* End PBXFileReference section */

/* Begin PBXFrameworksBuildPhase section */
		840D6C091D6FCD0200599620 /* Frameworks */ = {
			isa = PBXFrameworksBuildPhase;
			buildActionMask = 2147483647;
			files = (
			);
			runOnlyForDeploymentPostprocessing = 0;
		};
/* End PBXFrameworksBuildPhase section */

/* Begin PBXGroup section */
		840D6C031D6FCD0200599620 = {
			isa = PBXGroup;
			children = (
				840D6C0E1D6FCD0200599620 /* AutoLayout */,
				840D6C0D1D6FCD0200599620 /* Products */,
			);
			sourceTree = "<group>";
		};
		840D6C0D1D6FCD0200599620 /* Products */ = {
			isa = PBXGroup;
			children = (
				840D6C0C1D6FCD0200599620 /* AutoLayout.app */,
			);
			name = Products;
			sourceTree = "<group>";
		};
		840D6C0E1D6FCD0200599620 /* AutoLayout */ = {
			isa = PBXGroup;
			children = (
				840D6C0F1D6FCD0200599620 /* AppDelegate.swift */,
				840D6C111D6FCD0200599620 /* ViewController.swift */,
				840D6C211D6FE1A600599620 /* User.swift */,
				840D6C131D6FCD0200599620 /* Main.storyboard */,
				840D6C161D6FCD0200599620 /* Assets.xcassets */,
				840D6C181D6FCD0200599620 /* LaunchScreen.storyboard */,
				840D6C1B1D6FCD0200599620 /* Info.plist */,
			);
			path = AutoLayout;
			sourceTree = "<group>";
		};
/* End PBXGroup section */

/* Begin PBXNativeTarget section */
		840D6C0B1D6FCD0200599620 /* AutoLayout */ = {
			isa = PBXNativeTarget;
			buildConfigurationList = 840D6C1E1D6FCD0200599620 /* Build configuration list for PBXNativeTarget "AutoLayout" */;
			buildPhases = (
				840D6C081D6FCD0200599620 /* Sources */,
				840D6C091D6FCD0200599620 /* Frameworks */,
				840D6C0A1D6FCD0200599620 /* Resources */,
			);
			buildRules = (
			);
			dependencies = (
			);
			name = AutoLayout;
			productName = AutoLayout;
			productReference = 840D6C0C1D6FCD0200599620 /* AutoLayout.app */;
			productType = "com.apple.product-type.application";
		};
/* End PBXNativeTarget section */

/* Begin PBXProject section */
		840D6C041D6FCD0200599620 /* Project object */ = {
			isa = PBXProject;
			attributes = {
				LastSwiftUpdateCheck = 0730;
				LastUpgradeCheck = 0730;
				ORGANIZATIONNAME = CAOYE;
				TargetAttributes = {
					840D6C0B1D6FCD0200599620 = {
						CreatedOnToolsVersion = 7.3.1;
					};
				};
			};
			buildConfigurationList = 840D6C071D6FCD0200599620 /* Build configuration list for PBXProject "AutoLayout" */;
			compatibilityVersion = "Xcode 3.2";
			developmentRegion = English;
			hasScannedForEncodings = 0;
			knownRegions = (
				en,
				Base,
			);
			mainGroup = 840D6C031D6FCD0200599620;
			productRefGroup = 840D6C0D1D6FCD0200599620 /* Products */;
			projectDirPath = "";
			projectRoot = "";
			targets = (
				840D6C0B1D6FCD0200599620 /* AutoLayout */,
			);
		};
/* End PBXProject section */

/* Begin PBXResourcesBuildPhase section */
		840D6C0A1D6FCD0200599620 /* Resources */ = {
			isa = PBXResourcesBuildPhase;
			buildActionMask = 2147483647;
			files = (
				840D6C1A1D6FCD0200599620 /* LaunchScreen.storyboard in Resources */,
				840D6C171D6FCD0200599620 /* Assets.xcassets in Resources */,
				840D6C151D6FCD0200599620 /* Main.storyboard in Resources */,
			);
			runOnlyForDeploymentPostprocessing = 0;
		};
/* End PBXResourcesBuildPhase section */

/* Begin PBXSourcesBuildPhase section */
		840D6C081D6FCD0200599620 /* Sources */ = {
			isa = PBXSourcesBuildPhase;
			buildActionMask = 2147483647;
			files = (
				840D6C121D6FCD0200599620 /* ViewController.swift in Sources */,
				840D6C101D6FCD0200599620 /* AppDelegate.swift in Sources */,
				840D6C221D6FE1A600599620 /* User.swift in Sources */,
			);
			runOnlyForDeploymentPostprocessing = 0;
		};
/* End PBXSourcesBuildPhase section */

/* Begin PBXVariantGroup section */
		840D6C131D6FCD0200599620 /* Main.storyboard */ = {
			isa = PBXVariantGroup;
			children = (
				840D6C141D6FCD0200599620 /* Base */,
			);
			name = Main.storyboard;
			sourceTree = "<group>";
		};
		840D6C181D6FCD0200599620 /* LaunchScreen.storyboard */ = {
			isa = PBXVariantGroup;
			children = (
				840D6C191D6FCD0200599620 /* Base */,
			);
			name = LaunchScreen.storyboard;
			sourceTree = "<group>";
		};
/* End PBXVariantGroup section */

/* Begin XCBuildConfiguration section */
		840D6C1C1D6FCD0200599620 /* Debug */ = {
			isa = XCBuildConfiguration;
			buildSettings = {
				ALWAYS_SEARCH_USER_PATHS = NO;
				CLANG_ANALYZER_NONNULL = YES;
				CLANG_CXX_LANGUAGE_STANDARD = "gnu++0x";
				CLANG_CXX_LIBRARY = "libc++";
				CLANG_ENABLE_MODULES = YES;
				CLANG_ENABLE_OBJC_ARC = YES;
				CLANG_WARN_BOOL_CONVERSION = YES;
				CLANG_WARN_CONSTANT_CONVERSION = YES;
				CLANG_WARN_DIRECT_OBJC_ISA_USAGE = YES_ERROR;
				CLANG_WARN_EMPTY_BODY = YES;
				CLANG_WARN_ENUM_CONVERSION = YES;
				CLANG_WARN_INT_CONVERSION = YES;
				CLANG_WARN_OBJC_ROOT_CLASS = YES_ERROR;
				CLANG_WARN_UNREACHABLE_CODE = YES;
				CLANG_WARN__DUPLICATE_METHOD_MATCH = YES;
				"CODE_SIGN_IDENTITY[sdk=iphoneos*]" = "iPhone Developer";
				COPY_PHASE_STRIP = NO;
				DEBUG_INFORMATION_FORMAT = dwarf;
				ENABLE_STRICT_OBJC_MSGSEND = YES;
				ENABLE_TESTABILITY = YES;
				GCC_C_LANGUAGE_STANDARD = gnu99;
				GCC_DYNAMIC_NO_PIC = NO;
				GCC_NO_COMMON_BLOCKS = YES;
				GCC_OPTIMIZATION_LEVEL = 0;
				GCC_PREPROCESSOR_DEFINITIONS = (
					"DEBUG=1",
					"$(inherited)",
				);
				GCC_WARN_64_TO_32_BIT_CONVERSION = YES;
				GCC_WARN_ABOUT_RETURN_TYPE = YES_ERROR;
				GCC_WARN_UNDECLARED_SELECTOR = YES;
				GCC_WARN_UNINITIALIZED_AUTOS = YES_AGGRESSIVE;
				GCC_WARN_UNUSED_FUNCTION = YES;
				GCC_WARN_UNUSED_VARIABLE = YES;
				IPHONEOS_DEPLOYMENT_TARGET = 9.3;
				MTL_ENABLE_DEBUG_INFO = YES;
				ONLY_ACTIVE_ARCH = YES;
				SDKROOT = iphoneos;
				SWIFT_OPTIMIZATION_LEVEL = "-Onone";
				TARGETED_DEVICE_FAMILY = "1,2";
			};
			name = Debug;
		};
		840D6C1D1D6FCD0200599620 /* Release */ = {
			isa = XCBuildConfiguration;
			buildSettings = {
				ALWAYS_SEARCH_USER_PATHS = NO;
				CLANG_ANALYZER_NONNULL = YES;
				CLANG_CXX_LANGUAGE_STANDARD = "gnu++0x";
				CLANG_CXX_LIBRARY = "libc++";
				CLANG_ENABLE_MODULES = YES;
				CLANG_ENABLE_OBJC_ARC = YES;
				CLANG_WARN_BOOL_CONVERSION = YES;
				CLANG_WARN_CONSTANT_CONVERSION = YES;
				CLANG_WARN_DIRECT_OBJC_ISA_USAGE = YES_ERROR;
				CLANG_WARN_EMPTY_BODY = YES;
				CLANG_WARN_ENUM_CONVERSION = YES;
				CLANG_WARN_INT_CONVERSION = YES;
				CLANG_WARN_OBJC_ROOT_CLASS = YES_ERROR;
				CLANG_WARN_UNREACHABLE_CODE = YES;
				CLANG_WARN__DUPLICATE_METHOD_MATCH = YES;
				"CODE_SIGN_IDENTITY[sdk=iphoneos*]" = "iPhone Developer";
				COPY_PHASE_STRIP = NO;
				DEBUG_INFORMATION_FORMAT = "dwarf-with-dsym";
				ENABLE_NS_ASSERTIONS = NO;
				ENABLE_STRICT_OBJC_MSGSEND = YES;
				GCC_C_LANGUAGE_STANDARD = gnu99;
				GCC_NO_COMMON_BLOCKS = YES;
				GCC_WARN_64_TO_32_BIT_CONVERSION = YES;
				GCC_WARN_ABOUT_RETURN_TYPE = YES_ERROR;
				GCC_WARN_UNDECLARED_SELECTOR = YES;
				GCC_WARN_UNINITIALIZED_AUTOS = YES_AGGRESSIVE;
				GCC_WARN_UNUSED_FUNCTION = YES;
				GCC_WARN_UNUSED_VARIABLE = YES;
				IPHONEOS_DEPLOYMENT_TARGET = 9.3;
				MTL_ENABLE_DEBUG_INFO = NO;
				SDKROOT = iphoneos;
				TARGETED_DEVICE_FAMILY = "1,2";
				VALIDATE_PRODUCT = YES;
			};
			name = Release;
		};
		840D6C1F1D6FCD0200599620 /* Debug */ = {
			isa = XCBuildConfiguration;
			buildSettings = {
				ASSETCATALOG_COMPILER_APPICON_NAME = AppIcon;
				INFOPLIST_FILE = AutoLayout/Info.plist;
				LD_RUNPATH_SEARCH_PATHS = "$(inherited) @executable_path/Frameworks";
				PRODUCT_BUNDLE_IDENTIFIER = CAOYE.AutoLayout;
				PRODUCT_NAME = "$(TARGET_NAME)";
			};
			name = Debug;
		};
		840D6C201D6FCD0200599620 /* Release */ = {
			isa = XCBuildConfiguration;
			buildSettings = {
				ASSETCATALOG_COMPILER_APPICON_NAME = AppIcon;
				INFOPLIST_FILE = AutoLayout/Info.plist;
				LD_RUNPATH_SEARCH_PATHS = "$(inherited) @executable_path/Frameworks";
				PRODUCT_BUNDLE_IDENTIFIER = CAOYE.AutoLayout;
				PRODUCT_NAME = "$(TARGET_NAME)";
			};
			name = Release;
		};
/* End XCBuildConfiguration section */

/* Begin XCConfigurationList section */
		840D6C071D6FCD0200599620 /* Build configuration list for PBXProject "AutoLayout" */ = {
			isa = XCConfigurationList;
			buildConfigurations = (
				840D6C1C1D6FCD0200599620 /* Debug */,
				840D6C1D1D6FCD0200599620 /* Release */,
			);
			defaultConfigurationIsVisible = 0;
			defaultConfigurationName = Release;
		};
		840D6C1E1D6FCD0200599620 /* Build configuration list for PBXNativeTarget "AutoLayout" */ = {
			isa = XCConfigurationList;
			buildConfigurations = (
				840D6C1F1D6FCD0200599620 /* Debug */,
				840D6C201D6FCD0200599620 /* Release */,
			);
			defaultConfigurationIsVisible = 0;
		};
/* End XCConfigurationList section */
	};
	rootObject = 840D6C041D6FCD0200599620 /* Project object */;
}
